
Microsoft Visual Studio Solution File, Format Version 12.00
# Visual Studio Version 17
VisualStudioVersion = 17.1.32407.343
MinimumVisualStudioVersion = 10.0.40219.1
Project("{FAE04EC0-301F-11D3-BF4B-00C04F79EFBC}") = "task 31", "task 31.csproj", "{EA3AD9F5-3DCF-4684-97F5-DAC6B0085D64}"
EndProject
Global
	GlobalSection(SolutionConfigurationPlatforms) = preSolution
		Debug|Any CPU = Debug|Any CPU
		Release|Any CPU = Release|Any CPU
	EndGlobalSection
	GlobalSection(ProjectConfigurationPlatforms) = postSolution
		{EA3AD9F5-3DCF-4684-97F5-DAC6B0085D64}.Debug|Any CPU.ActiveCfg = Debug|Any CPU
		{EA3AD9F5-3DCF-4684-97F5-DAC6B0085D64}.Debug|Any CPU.Build.0 = Debug|Any CPU
		{EA3AD9F5-3DCF-4684-97F5-DAC6B0085D64}.Release|Any CPU.ActiveCfg = Release|Any CPU
		{EA3AD9F5-3DCF-4684-97F5-DAC6B0085D64}.Release|Any CPU.Build.0 = Release|Any CPU
	EndGlobalSection
	GlobalSection(SolutionProperties) = preSolution
		HideSolutionNode = FALSE
	EndGlobalSection
	GlobalSection(ExtensibilityGlobals) = postSolution
		SolutionGuid = {DFEDF539-8C51-42F1-808B-C877FF0287B7}
	EndGlobalSection
EndGlobal
